
Microsoft Visual Studio Solution File, Format Version 12.00
# Visual Studio Version 17
VisualStudioVersion = 17.11.35312.102
MinimumVisualStudioVersion = 10.0.40219.1
Project("{9A19103F-16F7-4668-BE54-9A1E7A4F7556}") = "FamilyTree.BLL", "FamilyTree.BLL\FamilyTree.BLL.csproj", "{03905892-1225-4B33-B6BB-DE142D967CCC}"
EndProject
Project("{9A19103F-16F7-4668-BE54-9A1E7A4F7556}") = "FamilyTree.DAL", "FamilyTree.DAL\FamilyTree.DAL.csproj", "{A4AFFD0F-E987-42D1-B9D2-C5BF621FCEA4}"
EndProject
Project("{FAE04EC0-301F-11D3-BF4B-00C04F79EFBC}") = "FamilyTree.Presentation", "FamilyTree.Presentation\FamilyTree.Presentation.csproj", "{AF0B0D92-1273-4B3C-93D0-35F24364C822}"
EndProject
Global
	GlobalSection(SolutionConfigurationPlatforms) = preSolution
		Debug|Any CPU = Debug|Any CPU
		Release|Any CPU = Release|Any CPU
	EndGlobalSection
	GlobalSection(ProjectConfigurationPlatforms) = postSolution
		{03905892-1225-4B33-B6BB-DE142D967CCC}.Debug|Any CPU.ActiveCfg = Debug|Any CPU
		{03905892-1225-4B33-B6BB-DE142D967CCC}.Debug|Any CPU.Build.0 = Debug|Any CPU
		{03905892-1225-4B33-B6BB-DE142D967CCC}.Release|Any CPU.ActiveCfg = Release|Any CPU
		{03905892-1225-4B33-B6BB-DE142D967CCC}.Release|Any CPU.Build.0 = Release|Any CPU
		{A4AFFD0F-E987-42D1-B9D2-C5BF621FCEA4}.Debug|Any CPU.ActiveCfg = Debug|Any CPU
		{A4AFFD0F-E987-42D1-B9D2-C5BF621FCEA4}.Debug|Any CPU.Build.0 = Debug|Any CPU
		{A4AFFD0F-E987-42D1-B9D2-C5BF621FCEA4}.Release|Any CPU.ActiveCfg = Release|Any CPU
		{A4AFFD0F-E987-42D1-B9D2-C5BF621FCEA4}.Release|Any CPU.Build.0 = Release|Any CPU
		{AF0B0D92-1273-4B3C-93D0-35F24364C822}.Debug|Any CPU.ActiveCfg = Debug|Any CPU
		{AF0B0D92-1273-4B3C-93D0-35F24364C822}.Debug|Any CPU.Build.0 = Debug|Any CPU
		{AF0B0D92-1273-4B3C-93D0-35F24364C822}.Release|Any CPU.ActiveCfg = Release|Any CPU
		{AF0B0D92-1273-4B3C-93D0-35F24364C822}.Release|Any CPU.Build.0 = Release|Any CPU
	EndGlobalSection
	GlobalSection(SolutionProperties) = preSolution
		HideSolutionNode = FALSE
	EndGlobalSection
	GlobalSection(ExtensibilityGlobals) = postSolution
		SolutionGuid = {C14E266A-9AF7-4AE0-9669-ECDB4C774BD8}
	EndGlobalSection
EndGlobal
